
Microsoft Visual Studio Solution File, Format Version 12.00
# Visual Studio 15
VisualStudioVersion = 15.0.28010.2048
MinimumVisualStudioVersion = 10.0.40219.1
Project("{2150E333-8FDC-42A3-9474-1A3956D46DE8}") = "Domain Layer", "Domain Layer", "{DAA5C39D-CBFA-4739-B2EB-D5B0FE41E28D}"
EndProject
Project("{2150E333-8FDC-42A3-9474-1A3956D46DE8}") = "Infrastructure Layer", "Infrastructure Layer", "{A1335A34-22BD-4987-9939-010E4FF4183F}"
EndProject
Project("{2150E333-8FDC-42A3-9474-1A3956D46DE8}") = "MicroServices", "MicroServices", "{6385DD32-2D17-4EA2-97AD-FAA21E33C178}"
EndProject
Project("{2150E333-8FDC-42A3-9474-1A3956D46DE8}") = "Presentation Layer", "Presentation Layer", "{0D90081A-CB43-46F4-AAD6-E84C910D206A}"
EndProject
Project("{2150E333-8FDC-42A3-9474-1A3956D46DE8}") = "Site", "Site", "{27483B5C-A99C-4E7E-9321-E346416B84E8}"
EndProject
Project("{9A19103F-16F7-4668-BE54-9A1E7A4F7556}") = "SinePulse.EMS.Domain", "SinePulse.EMS.Domain\SinePulse.EMS.Domain.csproj", "{108D8104-9B40-48E9-93B7-85F4EE335C6C}"
EndProject
Project("{2150E333-8FDC-42A3-9474-1A3956D46DE8}") = "NO", "NO", "{2BE3E11B-F170-44B6-9280-8A844E66BEE4}"
EndProject
Project("{FAE04EC0-301F-11D3-BF4B-00C04F79EFBC}") = "SinePulse.EMS.NO.Domain", "SinePulse.EMS.NO.Domain\SinePulse.EMS.NO.Domain.csproj", "{B9990BCB-2A9A-4942-91CE-BA3B2E663C91}"
EndProject
Project("{2150E333-8FDC-42A3-9474-1A3956D46DE8}") = "NOSite", "NOSite", "{09BEE65F-C5A4-46F7-9016-CB3113A89E45}"
EndProject
Project("{2150E333-8FDC-42A3-9474-1A3956D46DE8}") = "UseCases", "UseCases", "{8021E1F1-0747-4A81-A0B3-5A37F8016A21}"
EndProject
Project("{9A19103F-16F7-4668-BE54-9A1E7A4F7556}") = "SinePulse.EMS.UseCases", "UseCases\SinePulse.EMS.UseCases\SinePulse.EMS.UseCases.csproj", "{DB37AA71-40E0-48F3-9335-C878D28143E9}"
EndProject
Project("{2150E333-8FDC-42A3-9474-1A3956D46DE8}") = "Utility", "Utility", "{0A7232FC-281E-404D-A9B6-FFE5E0246D96}"
EndProject
Project("{9A19103F-16F7-4668-BE54-9A1E7A4F7556}") = "SinePulse.EMS.Utility", "Utility\SinePulse.EMS.Utility\SinePulse.EMS.Utility.csproj", "{08FA13E1-0BCB-4CD0-980E-E32A4CF8CBF4}"
EndProject
Project("{9A19103F-16F7-4668-BE54-9A1E7A4F7556}") = "SinePulse.EMS.UseCases.Tests", "UseCases\SinePulse.EMS.UseCases.Tests\SinePulse.EMS.UseCases.Tests.csproj", "{8ED0B94B-9372-4EDA-8EEB-04365CD92404}"
EndProject
Project("{9A19103F-16F7-4668-BE54-9A1E7A4F7556}") = "SinePulse.EMS.Utility.Tests", "Utility\SinePulse.EMS.Utility.Tests\SinePulse.EMS.Utility.Tests.csproj", "{0B406BD0-2416-4A47-AEDD-AF0FD0726BE7}"
EndProject
Project("{2150E333-8FDC-42A3-9474-1A3956D46DE8}") = "Messages", "Messages", "{8B6428FE-DC57-41DB-8D72-8020DF937564}"
EndProject
Project("{2150E333-8FDC-42A3-9474-1A3956D46DE8}") = "Persistence", "Persistence", "{09241AD4-F7DE-45BE-98E6-F8C90C7D67FF}"
EndProject
Project("{9A19103F-16F7-4668-BE54-9A1E7A4F7556}") = "SinePulse.EMS.Persistence", "Infrastructure\Persistence\SinePulse.EMS.Persistence\SinePulse.EMS.Persistence.csproj", "{88215A2A-D7D6-4543-9BB5-990452313947}"
EndProject
Project("{9A19103F-16F7-4668-BE54-9A1E7A4F7556}") = "SinePulse.EMS.Site", "Site\SinePulse.EMS.Site\SinePulse.EMS.Site.csproj", "{D818EE44-2BB5-4A12-8E38-4CC9AF54CFF3}"
EndProject
Project("{9A19103F-16F7-4668-BE54-9A1E7A4F7556}") = "SinePulse.EMS.Utility.Db", "Utility\SinePulse.EMS.Utility.Db\SinePulse.EMS.Utility.Db.csproj", "{0545ECBB-D7C2-4EFF-B170-EE542AD053E4}"
EndProject
Project("{9A19103F-16F7-4668-BE54-9A1E7A4F7556}") = "SinePulse.EMS.Constants", "Domain\SinePulse.EMS.Constants\SinePulse.EMS.Constants.csproj", "{5A0943EA-406F-42E9-A119-BE6ACAE7508D}"
EndProject
Project("{9A19103F-16F7-4668-BE54-9A1E7A4F7556}") = "SinePulse.EMS.ProjectPrimitives", "Domain\SinePulse.EMS.ProjectPrimitives\SinePulse.EMS.ProjectPrimitives.csproj", "{9DF0ADD4-4BB3-429F-81AC-9897ED2A15FA}"
EndProject
Project("{9A19103F-16F7-4668-BE54-9A1E7A4F7556}") = "SinePulse.EMS.Messages", "SinePulse.EMS.Messages\SinePulse.EMS.Messages.csproj", "{A45EF5AF-21F3-4A17-AFB7-6AFF527FE180}"
EndProject
Project("{FAE04EC0-301F-11D3-BF4B-00C04F79EFBC}") = "SinePulse.EMS.Server", "SinePulse.Meter.Server\SinePulse.EMS.Server.csproj", "{745C05F0-A8A6-400B-B1F8-7B680F8B4F34}"
EndProject
Project("{9A19103F-16F7-4668-BE54-9A1E7A4F7556}") = "SinePulse.EMS.InterServiceMessages", "Messages\SinePulse.EMS.InterServiceMessages\SinePulse.EMS.InterServiceMessages.csproj", "{E0D00392-68E0-42A9-8B4D-214230AF379B}"
EndProject
Project("{9A19103F-16F7-4668-BE54-9A1E7A4F7556}") = "SinePulse.EMS.Utility.MessagingQueue", "Utility\SinePulse.EMS.Utility.MessagingQueue\SinePulse.EMS.Utility.MessagingQueue.csproj", "{9AD7415B-9606-46C2-B94C-3C2AE1000E18}"
EndProject
Project("{9A19103F-16F7-4668-BE54-9A1E7A4F7556}") = "SinePulse.EMS.Utility.MessagingQueue.MassTransit", "Utility\SinePulse.EMS.Utility.MessagingQueue.MassTransit\SinePulse.EMS.Utility.MessagingQueue.MassTransit.csproj", "{D9831250-D94C-434B-A11E-EE5ED41C146C}"
EndProject
Project("{2150E333-8FDC-42A3-9474-1A3956D46DE8}") = "FinancialJobService", "FinancialJobService", "{9A6F933D-2CC1-46C5-91BF-3EBB1B57EBF7}"
EndProject
Project("{9A19103F-16F7-4668-BE54-9A1E7A4F7556}") = "SinePulse.EMS.Messages.FinancialJobMessages", "Messages\SinePulse.EMS.Messages.FinancialJobMessages\SinePulse.EMS.Messages.FinancialJobMessages.csproj", "{4EF35F66-F681-4B5A-A96A-D617DDB810E6}"
EndProject
Project("{9A19103F-16F7-4668-BE54-9A1E7A4F7556}") = "SinePulse.EMS.FinancialJobService", "MicroServices\FinancialJobService\SinePulse.EMS.FinancialJobService\SinePulse.EMS.FinancialJobService.csproj", "{2C594572-582F-46EF-A158-376414291956}"
EndProject
Project("{9A19103F-16F7-4668-BE54-9A1E7A4F7556}") = "SinePulse.EMS.FinancialJobService.Externals", "MicroServices\FinancialJobService\SinePulse.EMS.FinancialJobService.Externals\SinePulse.EMS.FinancialJobService.Externals.csproj", "{AE414CB0-E83E-4F3A-86D9-C9197252D8B0}"
EndProject
Project("{9A19103F-16F7-4668-BE54-9A1E7A4F7556}") = "SinePulse.EMS.FinancialJobService.App", "MicroServices\FinancialJobService\SinePulse.EMS.FinancialJobService.App\SinePulse.EMS.FinancialJobService.App.csproj", "{4D4A3B77-CFD0-412C-8EF4-FDBD91EF85C0}"
EndProject
Project("{9A19103F-16F7-4668-BE54-9A1E7A4F7556}") = "SinePulse.EMS.FinancialJobService.Tests", "MicroServices\FinancialJobService\SinePulse.EMS.FinancialJobService.Tests\SinePulse.EMS.FinancialJobService.Tests.csproj", "{0BEB0191-09B6-4C63-87D3-22F9D78043DF}"
EndProject
Project("{2150E333-8FDC-42A3-9474-1A3956D46DE8}") = "ScheduleJobService", "ScheduleJobService", "{9AA0BDCE-973E-4863-9F17-AFEA34296956}"
EndProject
Project("{9A19103F-16F7-4668-BE54-9A1E7A4F7556}") = "SinePulse.EMS.ScheduleJobService", "MicroServices\ScheduleJobService\SinePulse.EMS.ScheduleJobService\SinePulse.EMS.ScheduleJobService.csproj", "{40E44936-5D4C-4A4A-8DA8-2C0DEC29562A}"
EndProject
Project("{9A19103F-16F7-4668-BE54-9A1E7A4F7556}") = "SinePulse.EMS.ScheduleJobService.Externals", "MicroServices\ScheduleJobService\SinePulse.EMS.ScheduleJobService.Externals\SinePulse.EMS.ScheduleJobService.Externals.csproj", "{866FF72E-56CB-4B16-942D-B74D40109726}"
EndProject
Project("{9A19103F-16F7-4668-BE54-9A1E7A4F7556}") = "SinePulse.EMS.ScheduleJobService.App", "MicroServices\ScheduleJobService\SinePulse.EMS.ScheduleJobService.App\SinePulse.EMS.ScheduleJobService.App.csproj", "{EBCB9056-56F5-41BF-B3A7-D3878B4EECF5}"
EndProject
Project("{9A19103F-16F7-4668-BE54-9A1E7A4F7556}") = "SinePulse.EMS.ScheduleJobService.Tests", "MicroServices\ScheduleJobService\SinePulse.EMS.ScheduleJobService.Tests\SinePulse.EMS.ScheduleJobService.Tests.csproj", "{CD16209E-EDAC-4B22-B43E-90E4232DDEC4}"
EndProject
Project("{2150E333-8FDC-42A3-9474-1A3956D46DE8}") = "AcademicJobService", "AcademicJobService", "{84801A4A-C86F-4DEA-814F-B696D074DABB}"
EndProject
Project("{9A19103F-16F7-4668-BE54-9A1E7A4F7556}") = "SinePulse.EMS.AcademicJobService", "MicroServices\AcademicJobService\SinePulse.EMS.AcademicJobService\SinePulse.EMS.AcademicJobService.csproj", "{FD25CB4A-8061-4E23-8D97-0D10BB271639}"
EndProject
Project("{9A19103F-16F7-4668-BE54-9A1E7A4F7556}") = "SinePulse.EMS.AcademicJobService.Externals", "MicroServices\AcademicJobService\SinePulse.EMS.AcademicJobService.Externals\SinePulse.EMS.AcademicJobService.Externals.csproj", "{D57E7865-DC31-4148-9384-B902C25EA81B}"
EndProject
Project("{9A19103F-16F7-4668-BE54-9A1E7A4F7556}") = "SinePulse.EMS.AcademicJobService.App", "MicroServices\AcademicJobService\SinePulse.EMS.AcademicJobService.App\SinePulse.EMS.AcademicJobService.App.csproj", "{06CB3267-B0FF-469F-944A-1087C4EBF227}"
EndProject
Project("{9A19103F-16F7-4668-BE54-9A1E7A4F7556}") = "SinePulse.EMS.AcademicJobService.Tests", "MicroServices\AcademicJobService\SinePulse.EMS.AcademicJobService.Tests\SinePulse.EMS.AcademicJobService.Tests.csproj", "{E387EA8A-4870-4E0D-861D-DD0AB13FA296}"
EndProject
Project("{9A19103F-16F7-4668-BE54-9A1E7A4F7556}") = "SinePulse.EMS.Messages.AcademicJobMessages", "Messages\SinePulse.EMS.Messages.AcademicJobMessages\SinePulse.EMS.Messages.AcademicJobMessages.csproj", "{86531809-22BB-489B-8FD0-8AA93BCE5A77}"
EndProject
Project("{2150E333-8FDC-42A3-9474-1A3956D46DE8}") = "AlertProcessingService", "AlertProcessingService", "{77BCD4F3-907E-4035-8253-5CC8BC833C13}"
EndProject
Project("{9A19103F-16F7-4668-BE54-9A1E7A4F7556}") = "SinePulse.EMS.AlertProcessingService", "MicroServices\AlertProcessingService\SinePulse.EMS.AlertProcessingService\SinePulse.EMS.AlertProcessingService.csproj", "{30B02381-CEFD-4783-A317-0BD8FF817CAF}"
EndProject
Project("{9A19103F-16F7-4668-BE54-9A1E7A4F7556}") = "SinePulse.EMS.AlertProcessingService.Externals", "MicroServices\AlertProcessingService\SinePulse.EMS.AlertProcessingService.Externals\SinePulse.EMS.AlertProcessingService.Externals.csproj", "{B7495987-DC84-4685-BAA4-F17E14320CC4}"
EndProject
Project("{9A19103F-16F7-4668-BE54-9A1E7A4F7556}") = "SinePulse.EMS.AlertProcessingService.App", "MicroServices\AlertProcessingService\SinePulse.EMS.AlertProcessingService.App\SinePulse.EMS.AlertProcessingService.App.csproj", "{707942E5-E5C4-42EA-B6F0-CFA4499DB917}"
EndProject
Project("{9A19103F-16F7-4668-BE54-9A1E7A4F7556}") = "SinePulse.EMS.AlertProcessingService.Tests", "MicroServices\AlertProcessingService\SinePulse.EMS.AlertProcessingService.Tests\SinePulse.EMS.AlertProcessingService.Tests.csproj", "{3E2E2A6A-07CB-47BA-B01C-F48ABC4CA9E8}"
EndProject
Project("{9A19103F-16F7-4668-BE54-9A1E7A4F7556}") = "SinePulse.EMS.Messages.AlertProcessingMessages", "Messages\SinePulse.EMS.Messages.AlertProcessingMessages\SinePulse.EMS.Messages.AlertProcessingMessages.csproj", "{73A60460-64C4-43C7-AF0F-387D5C60AEF5}"
EndProject
Project("{9A19103F-16F7-4668-BE54-9A1E7A4F7556}") = "SinePulse.EMS.Messages.EmailSendingMessages", "Messages\SinePulse.EMS.Messages.EmailSendingMessages\SinePulse.EMS.Messages.EmailSendingMessages.csproj", "{DE1E223B-3878-4655-97D1-F9047624C709}"
EndProject
Project("{2150E333-8FDC-42A3-9474-1A3956D46DE8}") = "EmailSendingService", "EmailSendingService", "{B82DBC88-F15C-4376-A88C-7C72B47D8FE1}"
EndProject
Project("{9A19103F-16F7-4668-BE54-9A1E7A4F7556}") = "SinePulse.EMS.EmailSendingService", "MicroServices\EmailSendingService\SinePulse.EMS.EmailSendingService\SinePulse.EMS.EmailSendingService.csproj", "{5F2BEE45-A87D-446A-99E1-005694F67430}"
EndProject
Project("{9A19103F-16F7-4668-BE54-9A1E7A4F7556}") = "SinePulse.EMS.EmailSendingService.Externals", "MicroServices\EmailSendingService\SinePulse.EMS.EmailSendingService.Externals\SinePulse.EMS.EmailSendingService.Externals.csproj", "{05BFF58F-0B6B-4EBC-A4FD-48399638B220}"
EndProject
Project("{9A19103F-16F7-4668-BE54-9A1E7A4F7556}") = "SinePulse.EMS.EmailSendingService.App", "MicroServices\EmailSendingService\SinePulse.EMS.EmailSendingService.App\SinePulse.EMS.EmailSendingService.App.csproj", "{1A19323B-077A-4747-898A-FACB83E50861}"
EndProject
Project("{9A19103F-16F7-4668-BE54-9A1E7A4F7556}") = "SinePulse.EMS.EmailSendingService.Tests", "MicroServices\EmailSendingService\SinePulse.EMS.EmailSendingService.Tests\SinePulse.EMS.EmailSendingService.Tests.csproj", "{99424C8A-4B88-47A7-A919-B4B01362B315}"
EndProject
Project("{9A19103F-16F7-4668-BE54-9A1E7A4F7556}") = "SinePulse.EMS.Messages.SmsSendingMessages", "Messages\SinePulse.EMS.Messages.SmsSendingMessages\SinePulse.EMS.Messages.SmsSendingMessages.csproj", "{C1A4DEEE-EE4D-4F0B-8E3E-767BFF066A46}"
EndProject
Project("{2150E333-8FDC-42A3-9474-1A3956D46DE8}") = "SmsSendingService", "SmsSendingService", "{7289B1A5-430B-4B62-B1EF-287973EEEF6E}"
EndProject
Project("{9A19103F-16F7-4668-BE54-9A1E7A4F7556}") = "SinePulse.EMS.SmsSendingService", "MicroServices\SmsSendingService\SinePulse.EMS.SmsSendingService\SinePulse.EMS.SmsSendingService.csproj", "{1E8DA1EB-96DE-410E-A61C-44FEC00224FB}"
EndProject
Project("{9A19103F-16F7-4668-BE54-9A1E7A4F7556}") = "SinePulse.EMS.SmsSendingService.Externals", "MicroServices\SmsSendingService\SinePulse.EMS.SmsSendingService.Externals\SinePulse.EMS.SmsSendingService.Externals.csproj", "{38D6D17B-EA2C-4106-881B-9B6D58FB1EEE}"
EndProject
Project("{9A19103F-16F7-4668-BE54-9A1E7A4F7556}") = "SinePulse.EMS.SmsSendingService.App", "MicroServices\SmsSendingService\SinePulse.EMS.SmsSendingService.App\SinePulse.EMS.SmsSendingService.App.csproj", "{24C68C1F-283D-43C2-918D-F700D076F226}"
EndProject
Project("{9A19103F-16F7-4668-BE54-9A1E7A4F7556}") = "SinePulse.EMS.SmsSendingService.Tests", "MicroServices\SmsSendingService\SinePulse.EMS.SmsSendingService.Tests\SinePulse.EMS.SmsSendingService.Tests.csproj", "{43C759E9-51D6-4D39-9CAE-4556328FF3BA}"
EndProject
Project("{9A19103F-16F7-4668-BE54-9A1E7A4F7556}") = "SinePulse.EMS.Utility.SmsSending", "Utility\SinePulse.EMS.Utility.SmsSending\SinePulse.EMS.Utility.SmsSending.csproj", "{567968E3-68BB-44C8-A73B-EC5A75596C60}"
EndProject
Project("{9A19103F-16F7-4668-BE54-9A1E7A4F7556}") = "SinePulse.EMS.Messages.ScheduleJobMessages", "Messages\SinePulse.EMS.Messages.ScheduleJobMessages\SinePulse.EMS.Messages.ScheduleJobMessages.csproj", "{2FCC2CDF-B749-4C71-B999-06A861510A42}"
EndProject
Project("{9A19103F-16F7-4668-BE54-9A1E7A4F7556}") = "SinePulse.EMS.Utility.SslPaymentGateway", "SinePulse.EMS.Utility.SslPaymentGateway\SinePulse.EMS.Utility.SslPaymentGateway.csproj", "{9AAEEFA8-768C-4AD1-977A-6A07EE1615A9}"
EndProject
Project("{9A19103F-16F7-4668-BE54-9A1E7A4F7556}") = "SinePulse.EMS.TaxService", "Domain\SinePulse.EMS.TaxService\SinePulse.EMS.TaxService.csproj", "{D0129D23-C99B-4020-B065-D73D0A23B614}"
EndProject
Project("{9A19103F-16F7-4668-BE54-9A1E7A4F7556}") = "SinePulse.EMS.Messages.BillingMessages", "SinePulse.EMS.Messages\BillingMessages\SinePulse.EMS.Messages.BillingMessages\SinePulse.EMS.Messages.BillingMessages.csproj", "{4B863E4D-2A5D-4014-9AAD-C929999B2328}"
EndProject
Project("{2150E333-8FDC-42A3-9474-1A3956D46DE8}") = "BillingService", "BillingService", "{0A527132-ECF0-4E54-B08B-4F91DEDB1AF5}"
EndProject
Project("{9A19103F-16F7-4668-BE54-9A1E7A4F7556}") = "SinePulse.EMS.BillingService", "MicroServices\BillingService\SinePulse.EMS.BillingService\SinePulse.EMS.BillingService.csproj", "{C887270D-7958-4E47-8A93-AEB6AC904D94}"
EndProject
Project("{9A19103F-16F7-4668-BE54-9A1E7A4F7556}") = "SinePulse.EMS.BillingService.App", "MicroServices\BillingService\SinePulse.EMS.BillingService.App\SinePulse.EMS.BillingService.App.csproj", "{9BC68259-87E8-4246-899B-07ABC7608256}"
EndProject
Project("{9A19103F-16F7-4668-BE54-9A1E7A4F7556}") = "SinePulse.EMS.BillingService.Externals", "MicroServices\BillingService\SinePulse.EMS.BillingService.Externals\SinePulse.EMS.BillingService.Externals.csproj", "{7D926107-2753-4605-8A92-1092CB0CCFDF}"
EndProject
Project("{FAE04EC0-301F-11D3-BF4B-00C04F79EFBC}") = "SinePulse.EMS.Utility.EmailSending", "SinePulse.EMS.Utility.EmailSending\SinePulse.EMS.Utility.EmailSending.csproj", "{9D32B785-7C06-41E6-A71E-9DD6F1256CE6}"
EndProject
Global
	GlobalSection(SolutionConfigurationPlatforms) = preSolution
		Debug|Any CPU = Debug|Any CPU
		Release|Any CPU = Release|Any CPU
	EndGlobalSection
	GlobalSection(ProjectConfigurationPlatforms) = postSolution
		{108D8104-9B40-48E9-93B7-85F4EE335C6C}.Debug|Any CPU.ActiveCfg = Debug|Any CPU
		{108D8104-9B40-48E9-93B7-85F4EE335C6C}.Debug|Any CPU.Build.0 = Debug|Any CPU
		{108D8104-9B40-48E9-93B7-85F4EE335C6C}.Release|Any CPU.ActiveCfg = Release|Any CPU
		{108D8104-9B40-48E9-93B7-85F4EE335C6C}.Release|Any CPU.Build.0 = Release|Any CPU
		{B9990BCB-2A9A-4942-91CE-BA3B2E663C91}.Debug|Any CPU.ActiveCfg = Debug|Any CPU
		{B9990BCB-2A9A-4942-91CE-BA3B2E663C91}.Debug|Any CPU.Build.0 = Debug|Any CPU
		{B9990BCB-2A9A-4942-91CE-BA3B2E663C91}.Release|Any CPU.ActiveCfg = Release|Any CPU
		{B9990BCB-2A9A-4942-91CE-BA3B2E663C91}.Release|Any CPU.Build.0 = Release|Any CPU
		{DB37AA71-40E0-48F3-9335-C878D28143E9}.Debug|Any CPU.ActiveCfg = Debug|Any CPU
		{DB37AA71-40E0-48F3-9335-C878D28143E9}.Debug|Any CPU.Build.0 = Debug|Any CPU
		{DB37AA71-40E0-48F3-9335-C878D28143E9}.Release|Any CPU.ActiveCfg = Release|Any CPU
		{DB37AA71-40E0-48F3-9335-C878D28143E9}.Release|Any CPU.Build.0 = Release|Any CPU
		{08FA13E1-0BCB-4CD0-980E-E32A4CF8CBF4}.Debug|Any CPU.ActiveCfg = Debug|Any CPU
		{08FA13E1-0BCB-4CD0-980E-E32A4CF8CBF4}.Debug|Any CPU.Build.0 = Debug|Any CPU
		{08FA13E1-0BCB-4CD0-980E-E32A4CF8CBF4}.Release|Any CPU.ActiveCfg = Release|Any CPU
		{08FA13E1-0BCB-4CD0-980E-E32A4CF8CBF4}.Release|Any CPU.Build.0 = Release|Any CPU
		{8ED0B94B-9372-4EDA-8EEB-04365CD92404}.Debug|Any CPU.ActiveCfg = Debug|Any CPU
		{8ED0B94B-9372-4EDA-8EEB-04365CD92404}.Debug|Any CPU.Build.0 = Debug|Any CPU
		{8ED0B94B-9372-4EDA-8EEB-04365CD92404}.Release|Any CPU.ActiveCfg = Release|Any CPU
		{8ED0B94B-9372-4EDA-8EEB-04365CD92404}.Release|Any CPU.Build.0 = Release|Any CPU
		{0B406BD0-2416-4A47-AEDD-AF0FD0726BE7}.Debug|Any CPU.ActiveCfg = Debug|Any CPU
		{0B406BD0-2416-4A47-AEDD-AF0FD0726BE7}.Debug|Any CPU.Build.0 = Debug|Any CPU
		{0B406BD0-2416-4A47-AEDD-AF0FD0726BE7}.Release|Any CPU.ActiveCfg = Release|Any CPU
		{0B406BD0-2416-4A47-AEDD-AF0FD0726BE7}.Release|Any CPU.Build.0 = Release|Any CPU
		{88215A2A-D7D6-4543-9BB5-990452313947}.Debug|Any CPU.ActiveCfg = Debug|Any CPU
		{88215A2A-D7D6-4543-9BB5-990452313947}.Debug|Any CPU.Build.0 = Debug|Any CPU
		{88215A2A-D7D6-4543-9BB5-990452313947}.Release|Any CPU.ActiveCfg = Release|Any CPU
		{88215A2A-D7D6-4543-9BB5-990452313947}.Release|Any CPU.Build.0 = Release|Any CPU
		{D818EE44-2BB5-4A12-8E38-4CC9AF54CFF3}.Debug|Any CPU.ActiveCfg = Debug|Any CPU
		{D818EE44-2BB5-4A12-8E38-4CC9AF54CFF3}.Debug|Any CPU.Build.0 = Debug|Any CPU
		{D818EE44-2BB5-4A12-8E38-4CC9AF54CFF3}.Release|Any CPU.ActiveCfg = Release|Any CPU
		{D818EE44-2BB5-4A12-8E38-4CC9AF54CFF3}.Release|Any CPU.Build.0 = Release|Any CPU
		{0545ECBB-D7C2-4EFF-B170-EE542AD053E4}.Debug|Any CPU.ActiveCfg = Debug|Any CPU
		{0545ECBB-D7C2-4EFF-B170-EE542AD053E4}.Debug|Any CPU.Build.0 = Debug|Any CPU
		{0545ECBB-D7C2-4EFF-B170-EE542AD053E4}.Release|Any CPU.ActiveCfg = Release|Any CPU
		{0545ECBB-D7C2-4EFF-B170-EE542AD053E4}.Release|Any CPU.Build.0 = Release|Any CPU
		{5A0943EA-406F-42E9-A119-BE6ACAE7508D}.Debug|Any CPU.ActiveCfg = Debug|Any CPU
		{5A0943EA-406F-42E9-A119-BE6ACAE7508D}.Debug|Any CPU.Build.0 = Debug|Any CPU
		{5A0943EA-406F-42E9-A119-BE6ACAE7508D}.Release|Any CPU.ActiveCfg = Release|Any CPU
		{5A0943EA-406F-42E9-A119-BE6ACAE7508D}.Release|Any CPU.Build.0 = Release|Any CPU
		{9DF0ADD4-4BB3-429F-81AC-9897ED2A15FA}.Debug|Any CPU.ActiveCfg = Debug|Any CPU
		{9DF0ADD4-4BB3-429F-81AC-9897ED2A15FA}.Debug|Any CPU.Build.0 = Debug|Any CPU
		{9DF0ADD4-4BB3-429F-81AC-9897ED2A15FA}.Release|Any CPU.ActiveCfg = Release|Any CPU
		{9DF0ADD4-4BB3-429F-81AC-9897ED2A15FA}.Release|Any CPU.Build.0 = Release|Any CPU
		{A45EF5AF-21F3-4A17-AFB7-6AFF527FE180}.Debug|Any CPU.ActiveCfg = Debug|Any CPU
		{A45EF5AF-21F3-4A17-AFB7-6AFF527FE180}.Debug|Any CPU.Build.0 = Debug|Any CPU
		{A45EF5AF-21F3-4A17-AFB7-6AFF527FE180}.Release|Any CPU.ActiveCfg = Release|Any CPU
		{A45EF5AF-21F3-4A17-AFB7-6AFF527FE180}.Release|Any CPU.Build.0 = Release|Any CPU
		{745C05F0-A8A6-400B-B1F8-7B680F8B4F34}.Debug|Any CPU.ActiveCfg = Debug|Any CPU
		{745C05F0-A8A6-400B-B1F8-7B680F8B4F34}.Debug|Any CPU.Build.0 = Debug|Any CPU
		{745C05F0-A8A6-400B-B1F8-7B680F8B4F34}.Release|Any CPU.ActiveCfg = Release|Any CPU
		{745C05F0-A8A6-400B-B1F8-7B680F8B4F34}.Release|Any CPU.Build.0 = Release|Any CPU
		{E0D00392-68E0-42A9-8B4D-214230AF379B}.Debug|Any CPU.ActiveCfg = Debug|Any CPU
		{E0D00392-68E0-42A9-8B4D-214230AF379B}.Debug|Any CPU.Build.0 = Debug|Any CPU
		{E0D00392-68E0-42A9-8B4D-214230AF379B}.Release|Any CPU.ActiveCfg = Release|Any CPU
		{E0D00392-68E0-42A9-8B4D-214230AF379B}.Release|Any CPU.Build.0 = Release|Any CPU
		{9AD7415B-9606-46C2-B94C-3C2AE1000E18}.Debug|Any CPU.ActiveCfg = Debug|Any CPU
		{9AD7415B-9606-46C2-B94C-3C2AE1000E18}.Debug|Any CPU.Build.0 = Debug|Any CPU
		{9AD7415B-9606-46C2-B94C-3C2AE1000E18}.Release|Any CPU.ActiveCfg = Release|Any CPU
		{9AD7415B-9606-46C2-B94C-3C2AE1000E18}.Release|Any CPU.Build.0 = Release|Any CPU
		{D9831250-D94C-434B-A11E-EE5ED41C146C}.Debug|Any CPU.ActiveCfg = Debug|Any CPU
		{D9831250-D94C-434B-A11E-EE5ED41C146C}.Debug|Any CPU.Build.0 = Debug|Any CPU
		{D9831250-D94C-434B-A11E-EE5ED41C146C}.Release|Any CPU.ActiveCfg = Release|Any CPU
		{D9831250-D94C-434B-A11E-EE5ED41C146C}.Release|Any CPU.Build.0 = Release|Any CPU
		{4EF35F66-F681-4B5A-A96A-D617DDB810E6}.Debug|Any CPU.ActiveCfg = Debug|Any CPU
		{4EF35F66-F681-4B5A-A96A-D617DDB810E6}.Debug|Any CPU.Build.0 = Debug|Any CPU
		{4EF35F66-F681-4B5A-A96A-D617DDB810E6}.Release|Any CPU.ActiveCfg = Release|Any CPU
		{4EF35F66-F681-4B5A-A96A-D617DDB810E6}.Release|Any CPU.Build.0 = Release|Any CPU
		{2C594572-582F-46EF-A158-376414291956}.Debug|Any CPU.ActiveCfg = Debug|Any CPU
		{2C594572-582F-46EF-A158-376414291956}.Debug|Any CPU.Build.0 = Debug|Any CPU
		{2C594572-582F-46EF-A158-376414291956}.Release|Any CPU.ActiveCfg = Release|Any CPU
		{2C594572-582F-46EF-A158-376414291956}.Release|Any CPU.Build.0 = Release|Any CPU
		{AE414CB0-E83E-4F3A-86D9-C9197252D8B0}.Debug|Any CPU.ActiveCfg = Debug|Any CPU
		{AE414CB0-E83E-4F3A-86D9-C9197252D8B0}.Debug|Any CPU.Build.0 = Debug|Any CPU
		{AE414CB0-E83E-4F3A-86D9-C9197252D8B0}.Release|Any CPU.ActiveCfg = Release|Any CPU
		{AE414CB0-E83E-4F3A-86D9-C9197252D8B0}.Release|Any CPU.Build.0 = Release|Any CPU
		{4D4A3B77-CFD0-412C-8EF4-FDBD91EF85C0}.Debug|Any CPU.ActiveCfg = Debug|Any CPU
		{4D4A3B77-CFD0-412C-8EF4-FDBD91EF85C0}.Debug|Any CPU.Build.0 = Debug|Any CPU
		{4D4A3B77-CFD0-412C-8EF4-FDBD91EF85C0}.Release|Any CPU.ActiveCfg = Release|Any CPU
		{4D4A3B77-CFD0-412C-8EF4-FDBD91EF85C0}.Release|Any CPU.Build.0 = Release|Any CPU
		{0BEB0191-09B6-4C63-87D3-22F9D78043DF}.Debug|Any CPU.ActiveCfg = Debug|Any CPU
		{0BEB0191-09B6-4C63-87D3-22F9D78043DF}.Debug|Any CPU.Build.0 = Debug|Any CPU
		{0BEB0191-09B6-4C63-87D3-22F9D78043DF}.Release|Any CPU.ActiveCfg = Release|Any CPU
		{0BEB0191-09B6-4C63-87D3-22F9D78043DF}.Release|Any CPU.Build.0 = Release|Any CPU
		{40E44936-5D4C-4A4A-8DA8-2C0DEC29562A}.Debug|Any CPU.ActiveCfg = Debug|Any CPU
		{40E44936-5D4C-4A4A-8DA8-2C0DEC29562A}.Debug|Any CPU.Build.0 = Debug|Any CPU
		{40E44936-5D4C-4A4A-8DA8-2C0DEC29562A}.Release|Any CPU.ActiveCfg = Release|Any CPU
		{40E44936-5D4C-4A4A-8DA8-2C0DEC29562A}.Release|Any CPU.Build.0 = Release|Any CPU
		{866FF72E-56CB-4B16-942D-B74D40109726}.Debug|Any CPU.ActiveCfg = Debug|Any CPU
		{866FF72E-56CB-4B16-942D-B74D40109726}.Debug|Any CPU.Build.0 = Debug|Any CPU
		{866FF72E-56CB-4B16-942D-B74D40109726}.Release|Any CPU.ActiveCfg = Release|Any CPU
		{866FF72E-56CB-4B16-942D-B74D40109726}.Release|Any CPU.Build.0 = Release|Any CPU
		{EBCB9056-56F5-41BF-B3A7-D3878B4EECF5}.Debug|Any CPU.ActiveCfg = Debug|Any CPU
		{EBCB9056-56F5-41BF-B3A7-D3878B4EECF5}.Debug|Any CPU.Build.0 = Debug|Any CPU
		{EBCB9056-56F5-41BF-B3A7-D3878B4EECF5}.Release|Any CPU.ActiveCfg = Release|Any CPU
		{EBCB9056-56F5-41BF-B3A7-D3878B4EECF5}.Release|Any CPU.Build.0 = Release|Any CPU
		{CD16209E-EDAC-4B22-B43E-90E4232DDEC4}.Debug|Any CPU.ActiveCfg = Debug|Any CPU
		{CD16209E-EDAC-4B22-B43E-90E4232DDEC4}.Debug|Any CPU.Build.0 = Debug|Any CPU
		{CD16209E-EDAC-4B22-B43E-90E4232DDEC4}.Release|Any CPU.ActiveCfg = Release|Any CPU
		{CD16209E-EDAC-4B22-B43E-90E4232DDEC4}.Release|Any CPU.Build.0 = Release|Any CPU
		{FD25CB4A-8061-4E23-8D97-0D10BB271639}.Debug|Any CPU.ActiveCfg = Debug|Any CPU
		{FD25CB4A-8061-4E23-8D97-0D10BB271639}.Debug|Any CPU.Build.0 = Debug|Any CPU
		{FD25CB4A-8061-4E23-8D97-0D10BB271639}.Release|Any CPU.ActiveCfg = Release|Any CPU
		{FD25CB4A-8061-4E23-8D97-0D10BB271639}.Release|Any CPU.Build.0 = Release|Any CPU
		{D57E7865-DC31-4148-9384-B902C25EA81B}.Debug|Any CPU.ActiveCfg = Debug|Any CPU
		{D57E7865-DC31-4148-9384-B902C25EA81B}.Debug|Any CPU.Build.0 = Debug|Any CPU
		{D57E7865-DC31-4148-9384-B902C25EA81B}.Release|Any CPU.ActiveCfg = Release|Any CPU
		{D57E7865-DC31-4148-9384-B902C25EA81B}.Release|Any CPU.Build.0 = Release|Any CPU
		{06CB3267-B0FF-469F-944A-1087C4EBF227}.Debug|Any CPU.ActiveCfg = Debug|Any CPU
		{06CB3267-B0FF-469F-944A-1087C4EBF227}.Debug|Any CPU.Build.0 = Debug|Any CPU
		{06CB3267-B0FF-469F-944A-1087C4EBF227}.Release|Any CPU.ActiveCfg = Release|Any CPU
		{06CB3267-B0FF-469F-944A-1087C4EBF227}.Release|Any CPU.Build.0 = Release|Any CPU
		{E387EA8A-4870-4E0D-861D-DD0AB13FA296}.Debug|Any CPU.ActiveCfg = Debug|Any CPU
		{E387EA8A-4870-4E0D-861D-DD0AB13FA296}.Debug|Any CPU.Build.0 = Debug|Any CPU
		{E387EA8A-4870-4E0D-861D-DD0AB13FA296}.Release|Any CPU.ActiveCfg = Release|Any CPU
		{E387EA8A-4870-4E0D-861D-DD0AB13FA296}.Release|Any CPU.Build.0 = Release|Any CPU
		{86531809-22BB-489B-8FD0-8AA93BCE5A77}.Debug|Any CPU.ActiveCfg = Debug|Any CPU
		{86531809-22BB-489B-8FD0-8AA93BCE5A77}.Debug|Any CPU.Build.0 = Debug|Any CPU
		{86531809-22BB-489B-8FD0-8AA93BCE5A77}.Release|Any CPU.ActiveCfg = Release|Any CPU
		{86531809-22BB-489B-8FD0-8AA93BCE5A77}.Release|Any CPU.Build.0 = Release|Any CPU
		{30B02381-CEFD-4783-A317-0BD8FF817CAF}.Debug|Any CPU.ActiveCfg = Debug|Any CPU
		{30B02381-CEFD-4783-A317-0BD8FF817CAF}.Debug|Any CPU.Build.0 = Debug|Any CPU
		{30B02381-CEFD-4783-A317-0BD8FF817CAF}.Release|Any CPU.ActiveCfg = Release|Any CPU
		{30B02381-CEFD-4783-A317-0BD8FF817CAF}.Release|Any CPU.Build.0 = Release|Any CPU
		{B7495987-DC84-4685-BAA4-F17E14320CC4}.Debug|Any CPU.ActiveCfg = Debug|Any CPU
		{B7495987-DC84-4685-BAA4-F17E14320CC4}.Debug|Any CPU.Build.0 = Debug|Any CPU
		{B7495987-DC84-4685-BAA4-F17E14320CC4}.Release|Any CPU.ActiveCfg = Release|Any CPU
		{B7495987-DC84-4685-BAA4-F17E14320CC4}.Release|Any CPU.Build.0 = Release|Any CPU
		{707942E5-E5C4-42EA-B6F0-CFA4499DB917}.Debug|Any CPU.ActiveCfg = Debug|Any CPU
		{707942E5-E5C4-42EA-B6F0-CFA4499DB917}.Debug|Any CPU.Build.0 = Debug|Any CPU
		{707942E5-E5C4-42EA-B6F0-CFA4499DB917}.Release|Any CPU.ActiveCfg = Release|Any CPU
		{707942E5-E5C4-42EA-B6F0-CFA4499DB917}.Release|Any CPU.Build.0 = Release|Any CPU
		{3E2E2A6A-07CB-47BA-B01C-F48ABC4CA9E8}.Debug|Any CPU.ActiveCfg = Debug|Any CPU
		{3E2E2A6A-07CB-47BA-B01C-F48ABC4CA9E8}.Debug|Any CPU.Build.0 = Debug|Any CPU
		{3E2E2A6A-07CB-47BA-B01C-F48ABC4CA9E8}.Release|Any CPU.ActiveCfg = Release|Any CPU
		{3E2E2A6A-07CB-47BA-B01C-F48ABC4CA9E8}.Release|Any CPU.Build.0 = Release|Any CPU
		{73A60460-64C4-43C7-AF0F-387D5C60AEF5}.Debug|Any CPU.ActiveCfg = Debug|Any CPU
		{73A60460-64C4-43C7-AF0F-387D5C60AEF5}.Debug|Any CPU.Build.0 = Debug|Any CPU
		{73A60460-64C4-43C7-AF0F-387D5C60AEF5}.Release|Any CPU.ActiveCfg = Release|Any CPU
		{73A60460-64C4-43C7-AF0F-387D5C60AEF5}.Release|Any CPU.Build.0 = Release|Any CPU
		{DE1E223B-3878-4655-97D1-F9047624C709}.Debug|Any CPU.ActiveCfg = Debug|Any CPU
		{DE1E223B-3878-4655-97D1-F9047624C709}.Debug|Any CPU.Build.0 = Debug|Any CPU
		{DE1E223B-3878-4655-97D1-F9047624C709}.Release|Any CPU.ActiveCfg = Release|Any CPU
		{DE1E223B-3878-4655-97D1-F9047624C709}.Release|Any CPU.Build.0 = Release|Any CPU
		{5F2BEE45-A87D-446A-99E1-005694F67430}.Debug|Any CPU.ActiveCfg = Debug|Any CPU
		{5F2BEE45-A87D-446A-99E1-005694F67430}.Debug|Any CPU.Build.0 = Debug|Any CPU
		{5F2BEE45-A87D-446A-99E1-005694F67430}.Release|Any CPU.ActiveCfg = Release|Any CPU
		{5F2BEE45-A87D-446A-99E1-005694F67430}.Release|Any CPU.Build.0 = Release|Any CPU
		{05BFF58F-0B6B-4EBC-A4FD-48399638B220}.Debug|Any CPU.ActiveCfg = Debug|Any CPU
		{05BFF58F-0B6B-4EBC-A4FD-48399638B220}.Debug|Any CPU.Build.0 = Debug|Any CPU
		{05BFF58F-0B6B-4EBC-A4FD-48399638B220}.Release|Any CPU.ActiveCfg = Release|Any CPU
		{05BFF58F-0B6B-4EBC-A4FD-48399638B220}.Release|Any CPU.Build.0 = Release|Any CPU
		{1A19323B-077A-4747-898A-FACB83E50861}.Debug|Any CPU.ActiveCfg = Debug|Any CPU
		{1A19323B-077A-4747-898A-FACB83E50861}.Debug|Any CPU.Build.0 = Debug|Any CPU
		{1A19323B-077A-4747-898A-FACB83E50861}.Release|Any CPU.ActiveCfg = Release|Any CPU
		{1A19323B-077A-4747-898A-FACB83E50861}.Release|Any CPU.Build.0 = Release|Any CPU
		{99424C8A-4B88-47A7-A919-B4B01362B315}.Debug|Any CPU.ActiveCfg = Debug|Any CPU
		{99424C8A-4B88-47A7-A919-B4B01362B315}.Debug|Any CPU.Build.0 = Debug|Any CPU
		{99424C8A-4B88-47A7-A919-B4B01362B315}.Release|Any CPU.ActiveCfg = Release|Any CPU
		{99424C8A-4B88-47A7-A919-B4B01362B315}.Release|Any CPU.Build.0 = Release|Any CPU
		{C1A4DEEE-EE4D-4F0B-8E3E-767BFF066A46}.Debug|Any CPU.ActiveCfg = Debug|Any CPU
		{C1A4DEEE-EE4D-4F0B-8E3E-767BFF066A46}.Debug|Any CPU.Build.0 = Debug|Any CPU
		{C1A4DEEE-EE4D-4F0B-8E3E-767BFF066A46}.Release|Any CPU.ActiveCfg = Release|Any CPU
		{C1A4DEEE-EE4D-4F0B-8E3E-767BFF066A46}.Release|Any CPU.Build.0 = Release|Any CPU
		{1E8DA1EB-96DE-410E-A61C-44FEC00224FB}.Debug|Any CPU.ActiveCfg = Debug|Any CPU
		{1E8DA1EB-96DE-410E-A61C-44FEC00224FB}.Debug|Any CPU.Build.0 = Debug|Any CPU
		{1E8DA1EB-96DE-410E-A61C-44FEC00224FB}.Release|Any CPU.ActiveCfg = Release|Any CPU
		{1E8DA1EB-96DE-410E-A61C-44FEC00224FB}.Release|Any CPU.Build.0 = Release|Any CPU
		{38D6D17B-EA2C-4106-881B-9B6D58FB1EEE}.Debug|Any CPU.ActiveCfg = Debug|Any CPU
		{38D6D17B-EA2C-4106-881B-9B6D58FB1EEE}.Debug|Any CPU.Build.0 = Debug|Any CPU
		{38D6D17B-EA2C-4106-881B-9B6D58FB1EEE}.Release|Any CPU.ActiveCfg = Release|Any CPU
		{38D6D17B-EA2C-4106-881B-9B6D58FB1EEE}.Release|Any CPU.Build.0 = Release|Any CPU
		{24C68C1F-283D-43C2-918D-F700D076F226}.Debug|Any CPU.ActiveCfg = Debug|Any CPU
		{24C68C1F-283D-43C2-918D-F700D076F226}.Debug|Any CPU.Build.0 = Debug|Any CPU
		{24C68C1F-283D-43C2-918D-F700D076F226}.Release|Any CPU.ActiveCfg = Release|Any CPU
		{24C68C1F-283D-43C2-918D-F700D076F226}.Release|Any CPU.Build.0 = Release|Any CPU
		{43C759E9-51D6-4D39-9CAE-4556328FF3BA}.Debug|Any CPU.ActiveCfg = Debug|Any CPU
		{43C759E9-51D6-4D39-9CAE-4556328FF3BA}.Debug|Any CPU.Build.0 = Debug|Any CPU
		{43C759E9-51D6-4D39-9CAE-4556328FF3BA}.Release|Any CPU.ActiveCfg = Release|Any CPU
		{43C759E9-51D6-4D39-9CAE-4556328FF3BA}.Release|Any CPU.Build.0 = Release|Any CPU
		{567968E3-68BB-44C8-A73B-EC5A75596C60}.Debug|Any CPU.ActiveCfg = Debug|Any CPU
		{567968E3-68BB-44C8-A73B-EC5A75596C60}.Debug|Any CPU.Build.0 = Debug|Any CPU
		{567968E3-68BB-44C8-A73B-EC5A75596C60}.Release|Any CPU.ActiveCfg = Release|Any CPU
		{567968E3-68BB-44C8-A73B-EC5A75596C60}.Release|Any CPU.Build.0 = Release|Any CPU
		{2FCC2CDF-B749-4C71-B999-06A861510A42}.Debug|Any CPU.ActiveCfg = Debug|Any CPU
		{2FCC2CDF-B749-4C71-B999-06A861510A42}.Debug|Any CPU.Build.0 = Debug|Any CPU
		{2FCC2CDF-B749-4C71-B999-06A861510A42}.Release|Any CPU.ActiveCfg = Release|Any CPU
		{2FCC2CDF-B749-4C71-B999-06A861510A42}.Release|Any CPU.Build.0 = Release|Any CPU
		{9AAEEFA8-768C-4AD1-977A-6A07EE1615A9}.Debug|Any CPU.ActiveCfg = Debug|Any CPU
		{9AAEEFA8-768C-4AD1-977A-6A07EE1615A9}.Debug|Any CPU.Build.0 = Debug|Any CPU
		{9AAEEFA8-768C-4AD1-977A-6A07EE1615A9}.Release|Any CPU.ActiveCfg = Release|Any CPU
		{9AAEEFA8-768C-4AD1-977A-6A07EE1615A9}.Release|Any CPU.Build.0 = Release|Any CPU
		{D0129D23-C99B-4020-B065-D73D0A23B614}.Debug|Any CPU.ActiveCfg = Debug|Any CPU
		{D0129D23-C99B-4020-B065-D73D0A23B614}.Debug|Any CPU.Build.0 = Debug|Any CPU
		{D0129D23-C99B-4020-B065-D73D0A23B614}.Release|Any CPU.ActiveCfg = Release|Any CPU
		{D0129D23-C99B-4020-B065-D73D0A23B614}.Release|Any CPU.Build.0 = Release|Any CPU
		{4B863E4D-2A5D-4014-9AAD-C929999B2328}.Debug|Any CPU.ActiveCfg = Debug|Any CPU
		{4B863E4D-2A5D-4014-9AAD-C929999B2328}.Debug|Any CPU.Build.0 = Debug|Any CPU
		{4B863E4D-2A5D-4014-9AAD-C929999B2328}.Release|Any CPU.ActiveCfg = Release|Any CPU
		{4B863E4D-2A5D-4014-9AAD-C929999B2328}.Release|Any CPU.Build.0 = Release|Any CPU
		{C887270D-7958-4E47-8A93-AEB6AC904D94}.Debug|Any CPU.ActiveCfg = Debug|Any CPU
		{C887270D-7958-4E47-8A93-AEB6AC904D94}.Debug|Any CPU.Build.0 = Debug|Any CPU
		{C887270D-7958-4E47-8A93-AEB6AC904D94}.Release|Any CPU.ActiveCfg = Release|Any CPU
		{C887270D-7958-4E47-8A93-AEB6AC904D94}.Release|Any CPU.Build.0 = Release|Any CPU
		{9BC68259-87E8-4246-899B-07ABC7608256}.Debug|Any CPU.ActiveCfg = Debug|Any CPU
		{9BC68259-87E8-4246-899B-07ABC7608256}.Debug|Any CPU.Build.0 = Debug|Any CPU
		{9BC68259-87E8-4246-899B-07ABC7608256}.Release|Any CPU.ActiveCfg = Release|Any CPU
		{9BC68259-87E8-4246-899B-07ABC7608256}.Release|Any CPU.Build.0 = Release|Any CPU
		{7D926107-2753-4605-8A92-1092CB0CCFDF}.Debug|Any CPU.ActiveCfg = Debug|Any CPU
		{7D926107-2753-4605-8A92-1092CB0CCFDF}.Debug|Any CPU.Build.0 = Debug|Any CPU
		{7D926107-2753-4605-8A92-1092CB0CCFDF}.Release|Any CPU.ActiveCfg = Release|Any CPU
		{7D926107-2753-4605-8A92-1092CB0CCFDF}.Release|Any CPU.Build.0 = Release|Any CPU
		{9D32B785-7C06-41E6-A71E-9DD6F1256CE6}.Debug|Any CPU.ActiveCfg = Debug|Any CPU
		{9D32B785-7C06-41E6-A71E-9DD6F1256CE6}.Debug|Any CPU.Build.0 = Debug|Any CPU
		{9D32B785-7C06-41E6-A71E-9DD6F1256CE6}.Release|Any CPU.ActiveCfg = Release|Any CPU
		{9D32B785-7C06-41E6-A71E-9DD6F1256CE6}.Release|Any CPU.Build.0 = Release|Any CPU
	EndGlobalSection
	GlobalSection(SolutionProperties) = preSolution
		HideSolutionNode = FALSE
	EndGlobalSection
	GlobalSection(NestedProjects) = preSolution
		{27483B5C-A99C-4E7E-9321-E346416B84E8} = {0D90081A-CB43-46F4-AAD6-E84C910D206A}
		{108D8104-9B40-48E9-93B7-85F4EE335C6C} = {DAA5C39D-CBFA-4739-B2EB-D5B0FE41E28D}
		{2BE3E11B-F170-44B6-9280-8A844E66BEE4} = {DAA5C39D-CBFA-4739-B2EB-D5B0FE41E28D}
		{B9990BCB-2A9A-4942-91CE-BA3B2E663C91} = {2BE3E11B-F170-44B6-9280-8A844E66BEE4}
		{09BEE65F-C5A4-46F7-9016-CB3113A89E45} = {27483B5C-A99C-4E7E-9321-E346416B84E8}
		{DB37AA71-40E0-48F3-9335-C878D28143E9} = {8021E1F1-0747-4A81-A0B3-5A37F8016A21}
		{08FA13E1-0BCB-4CD0-980E-E32A4CF8CBF4} = {0A7232FC-281E-404D-A9B6-FFE5E0246D96}
		{8ED0B94B-9372-4EDA-8EEB-04365CD92404} = {8021E1F1-0747-4A81-A0B3-5A37F8016A21}
		{0B406BD0-2416-4A47-AEDD-AF0FD0726BE7} = {0A7232FC-281E-404D-A9B6-FFE5E0246D96}
		{8B6428FE-DC57-41DB-8D72-8020DF937564} = {A1335A34-22BD-4987-9939-010E4FF4183F}
		{09241AD4-F7DE-45BE-98E6-F8C90C7D67FF} = {A1335A34-22BD-4987-9939-010E4FF4183F}
		{88215A2A-D7D6-4543-9BB5-990452313947} = {09241AD4-F7DE-45BE-98E6-F8C90C7D67FF}
		{D818EE44-2BB5-4A12-8E38-4CC9AF54CFF3} = {27483B5C-A99C-4E7E-9321-E346416B84E8}
		{0545ECBB-D7C2-4EFF-B170-EE542AD053E4} = {0A7232FC-281E-404D-A9B6-FFE5E0246D96}
		{5A0943EA-406F-42E9-A119-BE6ACAE7508D} = {DAA5C39D-CBFA-4739-B2EB-D5B0FE41E28D}
		{9DF0ADD4-4BB3-429F-81AC-9897ED2A15FA} = {DAA5C39D-CBFA-4739-B2EB-D5B0FE41E28D}
		{A45EF5AF-21F3-4A17-AFB7-6AFF527FE180} = {8B6428FE-DC57-41DB-8D72-8020DF937564}
		{745C05F0-A8A6-400B-B1F8-7B680F8B4F34} = {09BEE65F-C5A4-46F7-9016-CB3113A89E45}
		{E0D00392-68E0-42A9-8B4D-214230AF379B} = {8B6428FE-DC57-41DB-8D72-8020DF937564}
		{9AD7415B-9606-46C2-B94C-3C2AE1000E18} = {0A7232FC-281E-404D-A9B6-FFE5E0246D96}
		{D9831250-D94C-434B-A11E-EE5ED41C146C} = {0A7232FC-281E-404D-A9B6-FFE5E0246D96}
		{9A6F933D-2CC1-46C5-91BF-3EBB1B57EBF7} = {6385DD32-2D17-4EA2-97AD-FAA21E33C178}
		{4EF35F66-F681-4B5A-A96A-D617DDB810E6} = {8B6428FE-DC57-41DB-8D72-8020DF937564}
		{2C594572-582F-46EF-A158-376414291956} = {9A6F933D-2CC1-46C5-91BF-3EBB1B57EBF7}
		{AE414CB0-E83E-4F3A-86D9-C9197252D8B0} = {9A6F933D-2CC1-46C5-91BF-3EBB1B57EBF7}
		{4D4A3B77-CFD0-412C-8EF4-FDBD91EF85C0} = {9A6F933D-2CC1-46C5-91BF-3EBB1B57EBF7}
		{0BEB0191-09B6-4C63-87D3-22F9D78043DF} = {9A6F933D-2CC1-46C5-91BF-3EBB1B57EBF7}
		{9AA0BDCE-973E-4863-9F17-AFEA34296956} = {6385DD32-2D17-4EA2-97AD-FAA21E33C178}
		{40E44936-5D4C-4A4A-8DA8-2C0DEC29562A} = {9AA0BDCE-973E-4863-9F17-AFEA34296956}
		{866FF72E-56CB-4B16-942D-B74D40109726} = {9AA0BDCE-973E-4863-9F17-AFEA34296956}
		{EBCB9056-56F5-41BF-B3A7-D3878B4EECF5} = {9AA0BDCE-973E-4863-9F17-AFEA34296956}
		{CD16209E-EDAC-4B22-B43E-90E4232DDEC4} = {9AA0BDCE-973E-4863-9F17-AFEA34296956}
		{84801A4A-C86F-4DEA-814F-B696D074DABB} = {6385DD32-2D17-4EA2-97AD-FAA21E33C178}
		{FD25CB4A-8061-4E23-8D97-0D10BB271639} = {84801A4A-C86F-4DEA-814F-B696D074DABB}
		{D57E7865-DC31-4148-9384-B902C25EA81B} = {84801A4A-C86F-4DEA-814F-B696D074DABB}
		{06CB3267-B0FF-469F-944A-1087C4EBF227} = {84801A4A-C86F-4DEA-814F-B696D074DABB}
		{E387EA8A-4870-4E0D-861D-DD0AB13FA296} = {84801A4A-C86F-4DEA-814F-B696D074DABB}
		{86531809-22BB-489B-8FD0-8AA93BCE5A77} = {8B6428FE-DC57-41DB-8D72-8020DF937564}
		{77BCD4F3-907E-4035-8253-5CC8BC833C13} = {6385DD32-2D17-4EA2-97AD-FAA21E33C178}
		{30B02381-CEFD-4783-A317-0BD8FF817CAF} = {77BCD4F3-907E-4035-8253-5CC8BC833C13}
		{B7495987-DC84-4685-BAA4-F17E14320CC4} = {77BCD4F3-907E-4035-8253-5CC8BC833C13}
		{707942E5-E5C4-42EA-B6F0-CFA4499DB917} = {77BCD4F3-907E-4035-8253-5CC8BC833C13}
		{3E2E2A6A-07CB-47BA-B01C-F48ABC4CA9E8} = {77BCD4F3-907E-4035-8253-5CC8BC833C13}
		{73A60460-64C4-43C7-AF0F-387D5C60AEF5} = {8B6428FE-DC57-41DB-8D72-8020DF937564}
		{DE1E223B-3878-4655-97D1-F9047624C709} = {8B6428FE-DC57-41DB-8D72-8020DF937564}
		{B82DBC88-F15C-4376-A88C-7C72B47D8FE1} = {6385DD32-2D17-4EA2-97AD-FAA21E33C178}
		{5F2BEE45-A87D-446A-99E1-005694F67430} = {B82DBC88-F15C-4376-A88C-7C72B47D8FE1}
		{05BFF58F-0B6B-4EBC-A4FD-48399638B220} = {B82DBC88-F15C-4376-A88C-7C72B47D8FE1}
		{1A19323B-077A-4747-898A-FACB83E50861} = {B82DBC88-F15C-4376-A88C-7C72B47D8FE1}
		{99424C8A-4B88-47A7-A919-B4B01362B315} = {B82DBC88-F15C-4376-A88C-7C72B47D8FE1}
		{C1A4DEEE-EE4D-4F0B-8E3E-767BFF066A46} = {8B6428FE-DC57-41DB-8D72-8020DF937564}
		{7289B1A5-430B-4B62-B1EF-287973EEEF6E} = {6385DD32-2D17-4EA2-97AD-FAA21E33C178}
		{1E8DA1EB-96DE-410E-A61C-44FEC00224FB} = {7289B1A5-430B-4B62-B1EF-287973EEEF6E}
		{38D6D17B-EA2C-4106-881B-9B6D58FB1EEE} = {7289B1A5-430B-4B62-B1EF-287973EEEF6E}
		{24C68C1F-283D-43C2-918D-F700D076F226} = {7289B1A5-430B-4B62-B1EF-287973EEEF6E}
		{43C759E9-51D6-4D39-9CAE-4556328FF3BA} = {7289B1A5-430B-4B62-B1EF-287973EEEF6E}
		{567968E3-68BB-44C8-A73B-EC5A75596C60} = {0A7232FC-281E-404D-A9B6-FFE5E0246D96}
		{2FCC2CDF-B749-4C71-B999-06A861510A42} = {8B6428FE-DC57-41DB-8D72-8020DF937564}
		{9AAEEFA8-768C-4AD1-977A-6A07EE1615A9} = {0A7232FC-281E-404D-A9B6-FFE5E0246D96}
		{D0129D23-C99B-4020-B065-D73D0A23B614} = {DAA5C39D-CBFA-4739-B2EB-D5B0FE41E28D}
		{4B863E4D-2A5D-4014-9AAD-C929999B2328} = {8B6428FE-DC57-41DB-8D72-8020DF937564}
		{0A527132-ECF0-4E54-B08B-4F91DEDB1AF5} = {6385DD32-2D17-4EA2-97AD-FAA21E33C178}
		{C887270D-7958-4E47-8A93-AEB6AC904D94} = {0A527132-ECF0-4E54-B08B-4F91DEDB1AF5}
		{9BC68259-87E8-4246-899B-07ABC7608256} = {0A527132-ECF0-4E54-B08B-4F91DEDB1AF5}
		{7D926107-2753-4605-8A92-1092CB0CCFDF} = {0A527132-ECF0-4E54-B08B-4F91DEDB1AF5}
		{9D32B785-7C06-41E6-A71E-9DD6F1256CE6} = {0A7232FC-281E-404D-A9B6-FFE5E0246D96}
	EndGlobalSection
	GlobalSection(ExtensibilityGlobals) = postSolution
		SolutionGuid = {9AB04E35-75A3-448E-B339-4239510A53AE}
	EndGlobalSection
EndGlobal
